
Microsoft Visual Studio Solution File, Format Version 12.00
# Visual Studio Version 17
VisualStudioVersion = 17.9.34723.18
MinimumVisualStudioVersion = 10.0.40219.1
Project("{9A19103F-16F7-4668-BE54-9A1E7A4F7556}") = "CRTWebApi", "CRTWebApi\CRTWebApi.csproj", "{9F848C08-599F-4018-B267-D7EA5D208F9C}"
EndProject
Project("{9A19103F-16F7-4668-BE54-9A1E7A4F7556}") = "CRTCryptograph", "CRT.Cryptograph\CRTCryptograph.csproj", "{930C1569-EE95-46BD-B055-27FC001C76A9}"
EndProject
Project("{9A19103F-16F7-4668-BE54-9A1E7A4F7556}") = "CRTDataAccess", "CRTDataAccess\CRTDataAccess.csproj", "{C0246422-7628-4BB3-B104-F0687B1CC1A5}"
EndProject
Project("{9A19103F-16F7-4668-BE54-9A1E7A4F7556}") = "CRTCommon", "CRTCommon\CRTCommon.csproj", "{96905686-77E0-4525-8ABF-AA16668CE2E7}"
EndProject
Project("{FAE04EC0-301F-11D3-BF4B-00C04F79EFBC}") = "CRTBuisnessLogics", "CRTBuisnessLogics\CRTBuisnessLogics.csproj", "{63F84D65-1D3E-4A78-B8F4-A1AD81925235}"
EndProject
Global
	GlobalSection(SolutionConfigurationPlatforms) = preSolution
		Debug|Any CPU = Debug|Any CPU
		Release|Any CPU = Release|Any CPU
	EndGlobalSection
	GlobalSection(ProjectConfigurationPlatforms) = postSolution
		{9F848C08-599F-4018-B267-D7EA5D208F9C}.Debug|Any CPU.ActiveCfg = Debug|Any CPU
		{9F848C08-599F-4018-B267-D7EA5D208F9C}.Debug|Any CPU.Build.0 = Debug|Any CPU
		{9F848C08-599F-4018-B267-D7EA5D208F9C}.Release|Any CPU.ActiveCfg = Release|Any CPU
		{9F848C08-599F-4018-B267-D7EA5D208F9C}.Release|Any CPU.Build.0 = Release|Any CPU
		{930C1569-EE95-46BD-B055-27FC001C76A9}.Debug|Any CPU.ActiveCfg = Debug|Any CPU
		{930C1569-EE95-46BD-B055-27FC001C76A9}.Debug|Any CPU.Build.0 = Debug|Any CPU
		{930C1569-EE95-46BD-B055-27FC001C76A9}.Release|Any CPU.ActiveCfg = Release|Any CPU
		{930C1569-EE95-46BD-B055-27FC001C76A9}.Release|Any CPU.Build.0 = Release|Any CPU
		{C0246422-7628-4BB3-B104-F0687B1CC1A5}.Debug|Any CPU.ActiveCfg = Debug|Any CPU
		{C0246422-7628-4BB3-B104-F0687B1CC1A5}.Debug|Any CPU.Build.0 = Debug|Any CPU
		{C0246422-7628-4BB3-B104-F0687B1CC1A5}.Release|Any CPU.ActiveCfg = Release|Any CPU
		{C0246422-7628-4BB3-B104-F0687B1CC1A5}.Release|Any CPU.Build.0 = Release|Any CPU
		{96905686-77E0-4525-8ABF-AA16668CE2E7}.Debug|Any CPU.ActiveCfg = Debug|Any CPU
		{96905686-77E0-4525-8ABF-AA16668CE2E7}.Debug|Any CPU.Build.0 = Debug|Any CPU
		{96905686-77E0-4525-8ABF-AA16668CE2E7}.Release|Any CPU.ActiveCfg = Release|Any CPU
		{96905686-77E0-4525-8ABF-AA16668CE2E7}.Release|Any CPU.Build.0 = Release|Any CPU
		{63F84D65-1D3E-4A78-B8F4-A1AD81925235}.Debug|Any CPU.ActiveCfg = Debug|Any CPU
		{63F84D65-1D3E-4A78-B8F4-A1AD81925235}.Debug|Any CPU.Build.0 = Debug|Any CPU
		{63F84D65-1D3E-4A78-B8F4-A1AD81925235}.Release|Any CPU.ActiveCfg = Release|Any CPU
		{63F84D65-1D3E-4A78-B8F4-A1AD81925235}.Release|Any CPU.Build.0 = Release|Any CPU
	EndGlobalSection
	GlobalSection(SolutionProperties) = preSolution
		HideSolutionNode = FALSE
	EndGlobalSection
	GlobalSection(ExtensibilityGlobals) = postSolution
		SolutionGuid = {A6B05508-39B2-4749-A367-29CF3A27E180}
	EndGlobalSection
EndGlobal
